
Microsoft Visual Studio Solution File, Format Version 12.00
# Visual Studio Version 17
VisualStudioVersion = 17.4.33205.214
MinimumVisualStudioVersion = 10.0.40219.1
Project("{FAE04EC0-301F-11D3-BF4B-00C04F79EFBC}") = "29th", "29th\29th.csproj", "{4127A5C7-AD7A-4764-BE51-46166BE31B87}"
EndProject
Global
	GlobalSection(SolutionConfigurationPlatforms) = preSolution
		Debug|Any CPU = Debug|Any CPU
		Release|Any CPU = Release|Any CPU
	EndGlobalSection
	GlobalSection(ProjectConfigurationPlatforms) = postSolution
		{4127A5C7-AD7A-4764-BE51-46166BE31B87}.Debug|Any CPU.ActiveCfg = Debug|Any CPU
		{4127A5C7-AD7A-4764-BE51-46166BE31B87}.Debug|Any CPU.Build.0 = Debug|Any CPU
		{4127A5C7-AD7A-4764-BE51-46166BE31B87}.Release|Any CPU.ActiveCfg = Release|Any CPU
		{4127A5C7-AD7A-4764-BE51-46166BE31B87}.Release|Any CPU.Build.0 = Release|Any CPU
	EndGlobalSection
	GlobalSection(SolutionProperties) = preSolution
		HideSolutionNode = FALSE
	EndGlobalSection
	GlobalSection(ExtensibilityGlobals) = postSolution
		SolutionGuid = {AD7C987C-6EE6-43A4-B657-350DE9B1A99F}
	EndGlobalSection
EndGlobal
