
Microsoft Visual Studio Solution File, Format Version 12.00
# Visual Studio Version 17
VisualStudioVersion = 17.4.33205.214
MinimumVisualStudioVersion = 10.0.40219.1
Project("{FAE04EC0-301F-11D3-BF4B-00C04F79EFBC}") = "51th", "51th\51th.csproj", "{F4C57AFC-D527-4288-9A50-CBEC2C1F56C9}"
EndProject
Global
	GlobalSection(SolutionConfigurationPlatforms) = preSolution
		Debug|Any CPU = Debug|Any CPU
		Release|Any CPU = Release|Any CPU
	EndGlobalSection
	GlobalSection(ProjectConfigurationPlatforms) = postSolution
		{F4C57AFC-D527-4288-9A50-CBEC2C1F56C9}.Debug|Any CPU.ActiveCfg = Debug|Any CPU
		{F4C57AFC-D527-4288-9A50-CBEC2C1F56C9}.Debug|Any CPU.Build.0 = Debug|Any CPU
		{F4C57AFC-D527-4288-9A50-CBEC2C1F56C9}.Release|Any CPU.ActiveCfg = Release|Any CPU
		{F4C57AFC-D527-4288-9A50-CBEC2C1F56C9}.Release|Any CPU.Build.0 = Release|Any CPU
	EndGlobalSection
	GlobalSection(SolutionProperties) = preSolution
		HideSolutionNode = FALSE
	EndGlobalSection
	GlobalSection(ExtensibilityGlobals) = postSolution
		SolutionGuid = {2F209E4D-C285-4775-9D0A-A8CEE1E6AAD4}
	EndGlobalSection
EndGlobal
