
Microsoft Visual Studio Solution File, Format Version 12.00
# Visual Studio Version 17
VisualStudioVersion = 17.4.33205.214
MinimumVisualStudioVersion = 10.0.40219.1
Project("{FAE04EC0-301F-11D3-BF4B-00C04F79EFBC}") = "11th", "11th\11th.csproj", "{EA65D730-5187-41BA-9D54-5459F6F429FA}"
EndProject
Global
	GlobalSection(SolutionConfigurationPlatforms) = preSolution
		Debug|Any CPU = Debug|Any CPU
		Release|Any CPU = Release|Any CPU
	EndGlobalSection
	GlobalSection(ProjectConfigurationPlatforms) = postSolution
		{EA65D730-5187-41BA-9D54-5459F6F429FA}.Debug|Any CPU.ActiveCfg = Debug|Any CPU
		{EA65D730-5187-41BA-9D54-5459F6F429FA}.Debug|Any CPU.Build.0 = Debug|Any CPU
		{EA65D730-5187-41BA-9D54-5459F6F429FA}.Release|Any CPU.ActiveCfg = Release|Any CPU
		{EA65D730-5187-41BA-9D54-5459F6F429FA}.Release|Any CPU.Build.0 = Release|Any CPU
	EndGlobalSection
	GlobalSection(SolutionProperties) = preSolution
		HideSolutionNode = FALSE
	EndGlobalSection
	GlobalSection(ExtensibilityGlobals) = postSolution
		SolutionGuid = {4BEBA843-C9FD-4A5C-AC49-87137B306C79}
	EndGlobalSection
EndGlobal
