
Microsoft Visual Studio Solution File, Format Version 12.00
# Visual Studio Version 17
VisualStudioVersion = 17.4.33205.214
MinimumVisualStudioVersion = 10.0.40219.1
Project("{FAE04EC0-301F-11D3-BF4B-00C04F79EFBC}") = "5th", "5th\5th.csproj", "{0D65D6A2-9048-4E72-9E1A-8CAE09DB0BE2}"
EndProject
Global
	GlobalSection(SolutionConfigurationPlatforms) = preSolution
		Debug|Any CPU = Debug|Any CPU
		Release|Any CPU = Release|Any CPU
	EndGlobalSection
	GlobalSection(ProjectConfigurationPlatforms) = postSolution
		{0D65D6A2-9048-4E72-9E1A-8CAE09DB0BE2}.Debug|Any CPU.ActiveCfg = Debug|Any CPU
		{0D65D6A2-9048-4E72-9E1A-8CAE09DB0BE2}.Debug|Any CPU.Build.0 = Debug|Any CPU
		{0D65D6A2-9048-4E72-9E1A-8CAE09DB0BE2}.Release|Any CPU.ActiveCfg = Release|Any CPU
		{0D65D6A2-9048-4E72-9E1A-8CAE09DB0BE2}.Release|Any CPU.Build.0 = Release|Any CPU
	EndGlobalSection
	GlobalSection(SolutionProperties) = preSolution
		HideSolutionNode = FALSE
	EndGlobalSection
	GlobalSection(ExtensibilityGlobals) = postSolution
		SolutionGuid = {B10006F1-5525-45FA-AE2D-1584E38FFE04}
	EndGlobalSection
EndGlobal
