
Microsoft Visual Studio Solution File, Format Version 12.00
# Visual Studio Version 17
VisualStudioVersion = 17.4.33205.214
MinimumVisualStudioVersion = 10.0.40219.1
Project("{FAE04EC0-301F-11D3-BF4B-00C04F79EFBC}") = "6th", "6th\6th.csproj", "{1AF967CA-8494-468A-B92E-CEFC33F426D6}"
EndProject
Global
	GlobalSection(SolutionConfigurationPlatforms) = preSolution
		Debug|Any CPU = Debug|Any CPU
		Release|Any CPU = Release|Any CPU
	EndGlobalSection
	GlobalSection(ProjectConfigurationPlatforms) = postSolution
		{1AF967CA-8494-468A-B92E-CEFC33F426D6}.Debug|Any CPU.ActiveCfg = Debug|Any CPU
		{1AF967CA-8494-468A-B92E-CEFC33F426D6}.Debug|Any CPU.Build.0 = Debug|Any CPU
		{1AF967CA-8494-468A-B92E-CEFC33F426D6}.Release|Any CPU.ActiveCfg = Release|Any CPU
		{1AF967CA-8494-468A-B92E-CEFC33F426D6}.Release|Any CPU.Build.0 = Release|Any CPU
	EndGlobalSection
	GlobalSection(SolutionProperties) = preSolution
		HideSolutionNode = FALSE
	EndGlobalSection
	GlobalSection(ExtensibilityGlobals) = postSolution
		SolutionGuid = {2762B70D-067C-497A-AD94-5BDCF3EFAD3D}
	EndGlobalSection
EndGlobal
