
Microsoft Visual Studio Solution File, Format Version 12.00
# Visual Studio Version 17
VisualStudioVersion = 17.4.33205.214
MinimumVisualStudioVersion = 10.0.40219.1
Project("{FAE04EC0-301F-11D3-BF4B-00C04F79EFBC}") = "35th", "35th\35th.csproj", "{1227BAEE-8779-4D6A-8688-BEC13F092387}"
EndProject
Global
	GlobalSection(SolutionConfigurationPlatforms) = preSolution
		Debug|Any CPU = Debug|Any CPU
		Release|Any CPU = Release|Any CPU
	EndGlobalSection
	GlobalSection(ProjectConfigurationPlatforms) = postSolution
		{1227BAEE-8779-4D6A-8688-BEC13F092387}.Debug|Any CPU.ActiveCfg = Debug|Any CPU
		{1227BAEE-8779-4D6A-8688-BEC13F092387}.Debug|Any CPU.Build.0 = Debug|Any CPU
		{1227BAEE-8779-4D6A-8688-BEC13F092387}.Release|Any CPU.ActiveCfg = Release|Any CPU
		{1227BAEE-8779-4D6A-8688-BEC13F092387}.Release|Any CPU.Build.0 = Release|Any CPU
	EndGlobalSection
	GlobalSection(SolutionProperties) = preSolution
		HideSolutionNode = FALSE
	EndGlobalSection
	GlobalSection(ExtensibilityGlobals) = postSolution
		SolutionGuid = {E26F9AE3-BBF0-4D13-9838-9A5A4DC21FE1}
	EndGlobalSection
EndGlobal
