
Microsoft Visual Studio Solution File, Format Version 12.00
# Visual Studio Version 17
VisualStudioVersion = 17.4.33205.214
MinimumVisualStudioVersion = 10.0.40219.1
Project("{FAE04EC0-301F-11D3-BF4B-00C04F79EFBC}") = "40th", "40th\40th.csproj", "{0E5A248D-EC7A-4C61-B5E2-E3145A0D8122}"
EndProject
Global
	GlobalSection(SolutionConfigurationPlatforms) = preSolution
		Debug|Any CPU = Debug|Any CPU
		Release|Any CPU = Release|Any CPU
	EndGlobalSection
	GlobalSection(ProjectConfigurationPlatforms) = postSolution
		{0E5A248D-EC7A-4C61-B5E2-E3145A0D8122}.Debug|Any CPU.ActiveCfg = Debug|Any CPU
		{0E5A248D-EC7A-4C61-B5E2-E3145A0D8122}.Debug|Any CPU.Build.0 = Debug|Any CPU
		{0E5A248D-EC7A-4C61-B5E2-E3145A0D8122}.Release|Any CPU.ActiveCfg = Release|Any CPU
		{0E5A248D-EC7A-4C61-B5E2-E3145A0D8122}.Release|Any CPU.Build.0 = Release|Any CPU
	EndGlobalSection
	GlobalSection(SolutionProperties) = preSolution
		HideSolutionNode = FALSE
	EndGlobalSection
	GlobalSection(ExtensibilityGlobals) = postSolution
		SolutionGuid = {5C5DEFF6-1A82-4781-B81B-BF81EEB3F9A2}
	EndGlobalSection
EndGlobal
