
Microsoft Visual Studio Solution File, Format Version 12.00
# Visual Studio Version 17
VisualStudioVersion = 17.4.33205.214
MinimumVisualStudioVersion = 10.0.40219.1
Project("{FAE04EC0-301F-11D3-BF4B-00C04F79EFBC}") = "14th", "14th\14th.csproj", "{6EB5E11B-2692-4974-9AEB-D6BEEA288C6B}"
EndProject
Global
	GlobalSection(SolutionConfigurationPlatforms) = preSolution
		Debug|Any CPU = Debug|Any CPU
		Release|Any CPU = Release|Any CPU
	EndGlobalSection
	GlobalSection(ProjectConfigurationPlatforms) = postSolution
		{6EB5E11B-2692-4974-9AEB-D6BEEA288C6B}.Debug|Any CPU.ActiveCfg = Debug|Any CPU
		{6EB5E11B-2692-4974-9AEB-D6BEEA288C6B}.Debug|Any CPU.Build.0 = Debug|Any CPU
		{6EB5E11B-2692-4974-9AEB-D6BEEA288C6B}.Release|Any CPU.ActiveCfg = Release|Any CPU
		{6EB5E11B-2692-4974-9AEB-D6BEEA288C6B}.Release|Any CPU.Build.0 = Release|Any CPU
	EndGlobalSection
	GlobalSection(SolutionProperties) = preSolution
		HideSolutionNode = FALSE
	EndGlobalSection
	GlobalSection(ExtensibilityGlobals) = postSolution
		SolutionGuid = {522B66C9-EF3B-4C52-84E8-997E9E4219A4}
	EndGlobalSection
EndGlobal
