
Microsoft Visual Studio Solution File, Format Version 12.00
# Visual Studio Version 17
VisualStudioVersion = 17.4.33205.214
MinimumVisualStudioVersion = 10.0.40219.1
Project("{FAE04EC0-301F-11D3-BF4B-00C04F79EFBC}") = "27th", "27th\27th.csproj", "{650ED8D8-D2E0-4149-AD1E-3402E136BA04}"
EndProject
Global
	GlobalSection(SolutionConfigurationPlatforms) = preSolution
		Debug|Any CPU = Debug|Any CPU
		Release|Any CPU = Release|Any CPU
	EndGlobalSection
	GlobalSection(ProjectConfigurationPlatforms) = postSolution
		{650ED8D8-D2E0-4149-AD1E-3402E136BA04}.Debug|Any CPU.ActiveCfg = Debug|Any CPU
		{650ED8D8-D2E0-4149-AD1E-3402E136BA04}.Debug|Any CPU.Build.0 = Debug|Any CPU
		{650ED8D8-D2E0-4149-AD1E-3402E136BA04}.Release|Any CPU.ActiveCfg = Release|Any CPU
		{650ED8D8-D2E0-4149-AD1E-3402E136BA04}.Release|Any CPU.Build.0 = Release|Any CPU
	EndGlobalSection
	GlobalSection(SolutionProperties) = preSolution
		HideSolutionNode = FALSE
	EndGlobalSection
	GlobalSection(ExtensibilityGlobals) = postSolution
		SolutionGuid = {40E99EDD-FA6A-423A-AD4E-450DBF129076}
	EndGlobalSection
EndGlobal
