
Microsoft Visual Studio Solution File, Format Version 12.00
# Visual Studio Version 17
VisualStudioVersion = 17.4.33205.214
MinimumVisualStudioVersion = 10.0.40219.1
Project("{FAE04EC0-301F-11D3-BF4B-00C04F79EFBC}") = "22th", "22th\22th.csproj", "{907DDB6C-EA19-45E4-8250-2A3CEBF69658}"
EndProject
Global
	GlobalSection(SolutionConfigurationPlatforms) = preSolution
		Debug|Any CPU = Debug|Any CPU
		Release|Any CPU = Release|Any CPU
	EndGlobalSection
	GlobalSection(ProjectConfigurationPlatforms) = postSolution
		{907DDB6C-EA19-45E4-8250-2A3CEBF69658}.Debug|Any CPU.ActiveCfg = Debug|Any CPU
		{907DDB6C-EA19-45E4-8250-2A3CEBF69658}.Debug|Any CPU.Build.0 = Debug|Any CPU
		{907DDB6C-EA19-45E4-8250-2A3CEBF69658}.Release|Any CPU.ActiveCfg = Release|Any CPU
		{907DDB6C-EA19-45E4-8250-2A3CEBF69658}.Release|Any CPU.Build.0 = Release|Any CPU
	EndGlobalSection
	GlobalSection(SolutionProperties) = preSolution
		HideSolutionNode = FALSE
	EndGlobalSection
	GlobalSection(ExtensibilityGlobals) = postSolution
		SolutionGuid = {655D9C86-B241-4B0A-98C7-A7558534BBAA}
	EndGlobalSection
EndGlobal
